
Microsoft Visual Studio Solution File, Format Version 12.00
# Visual Studio 15
VisualStudioVersion = 15.0.28307.645
MinimumVisualStudioVersion = 10.0.40219.1
Project("{FAE04EC0-301F-11D3-BF4B-00C04F79EFBC}") = "CRUD_JavaScript_JQuery_WebAPI", "CRUD_JavaScript_JQuery_WebAPI\CRUD_JavaScript_JQuery_WebAPI.csproj", "{BD329F97-FD73-406A-AD49-4651FE5FB04C}"
EndProject
Global
	GlobalSection(SolutionConfigurationPlatforms) = preSolution
		Debug|Any CPU = Debug|Any CPU
		Release|Any CPU = Release|Any CPU
	EndGlobalSection
	GlobalSection(ProjectConfigurationPlatforms) = postSolution
		{BD329F97-FD73-406A-AD49-4651FE5FB04C}.Debug|Any CPU.ActiveCfg = Debug|Any CPU
		{BD329F97-FD73-406A-AD49-4651FE5FB04C}.Debug|Any CPU.Build.0 = Debug|Any CPU
		{BD329F97-FD73-406A-AD49-4651FE5FB04C}.Release|Any CPU.ActiveCfg = Release|Any CPU
		{BD329F97-FD73-406A-AD49-4651FE5FB04C}.Release|Any CPU.Build.0 = Release|Any CPU
	EndGlobalSection
	GlobalSection(SolutionProperties) = preSolution
		HideSolutionNode = FALSE
	EndGlobalSection
	GlobalSection(ExtensibilityGlobals) = postSolution
		SolutionGuid = {DCA5FF16-A582-43DD-9076-A441CF37FDBA}
	EndGlobalSection
EndGlobal
